// !$*UTF8*$!
{
	archiveVersion = 1;
	classes = {
	};
	objectVersion = 56;
	objects = {

/* Begin PBXBuildFile section */
		83E08DDB2A1FA8B800D2E706 /* AppDelegate.swift in Sources */ = {isa = PBXBuildFile; fileRef = 83E08DDA2A1FA8B800D2E706 /* AppDelegate.swift */; };
		83E08DDD2A1FA8B800D2E706 /* SceneDelegate.swift in Sources */ = {isa = PBXBuildFile; fileRef = 83E08DDC2A1FA8B800D2E706 /* SceneDelegate.swift */; };
		83E08DDF2A1FA8B800D2E706 /* ViewController.swift in Sources */ = {isa = PBXBuildFile; fileRef = 83E08DDE2A1FA8B800D2E706 /* ViewController.swift */; };
		83E08DE22A1FA8B800D2E706 /* Main.storyboard in Resources */ = {isa = PBXBuildFile; fileRef = 83E08DE02A1FA8B800D2E706 /* Main.storyboard */; };
		83E08DE42A1FA8B900D2E706 /* Assets.xcassets in Resources */ = {isa = PBXBuildFile; fileRef = 83E08DE32A1FA8B900D2E706 /* Assets.xcassets */; };
		83E08DE72A1FA8B900D2E706 /* LaunchScreen.storyboard in Resources */ = {isa = PBXBuildFile; fileRef = 83E08DE52A1FA8B900D2E706 /* LaunchScreen.storyboard */; };
		83E08DF22A1FA8B900D2E706 /* TransferTests.swift in Sources */ = {isa = PBXBuildFile; fileRef = 83E08DF12A1FA8B900D2E706 /* TransferTests.swift */; };
		83E08DFC2A1FA8B900D2E706 /* TransferUITests.swift in Sources */ = {isa = PBXBuildFile; fileRef = 83E08DFB2A1FA8B900D2E706 /* TransferUITests.swift */; };
		83E08DFE2A1FA8B900D2E706 /* TransferUITestsLaunchTests.swift in Sources */ = {isa = PBXBuildFile; fileRef = 83E08DFD2A1FA8B900D2E706 /* TransferUITestsLaunchTests.swift */; };
/* End PBXBuildFile section */

/* Begin PBXContainerItemProxy section */
		83E08DEE2A1FA8B900D2E706 /* PBXContainerItemProxy */ = {
			isa = PBXContainerItemProxy;
			containerPortal = 83E08DCF2A1FA8B800D2E706 /* Project object */;
			proxyType = 1;
			remoteGlobalIDString = 83E08DD62A1FA8B800D2E706;
			remoteInfo = Transfer;
		};
		83E08DF82A1FA8B900D2E706 /* PBXContainerItemProxy */ = {
			isa = PBXContainerItemProxy;
			containerPortal = 83E08DCF2A1FA8B800D2E706 /* Project object */;
			proxyType = 1;
			remoteGlobalIDString = 83E08DD62A1FA8B800D2E706;
			remoteInfo = Transfer;
		};
/* End PBXContainerItemProxy section */

/* Begin PBXFileReference section */
		83E08DD72A1FA8B800D2E706 /* Transfer.app */ = {isa = PBXFileReference; explicitFileType = wrapper.application; includeInIndex = 0; path = Transfer.app; sourceTree = BUILT_PRODUCTS_DIR; };
		83E08DDA2A1FA8B800D2E706 /* AppDelegate.swift */ = {isa = PBXFileReference; lastKnownFileType = sourcecode.swift; path = AppDelegate.swift; sourceTree = "<group>"; };
		83E08DDC2A1FA8B800D2E706 /* SceneDelegate.swift */ = {isa = PBXFileReference; lastKnownFileType = sourcecode.swift; path = SceneDelegate.swift; sourceTree = "<group>"; };
		83E08DDE2A1FA8B800D2E706 /* ViewController.swift */ = {isa = PBXFileReference; lastKnownFileType = sourcecode.swift; path = ViewController.swift; sourceTree = "<group>"; };
		83E08DE12A1FA8B800D2E706 /* Base */ = {isa = PBXFileReference; lastKnownFileType = file.storyboard; name = Base; path = Base.lproj/Main.storyboard; sourceTree = "<group>"; };
		83E08DE32A1FA8B900D2E706 /* Assets.xcassets */ = {isa = PBXFileReference; lastKnownFileType = folder.assetcatalog; path = Assets.xcassets; sourceTree = "<group>"; };
		83E08DE62A1FA8B900D2E706 /* Base */ = {isa = PBXFileReference; lastKnownFileType = file.storyboard; name = Base; path = Base.lproj/LaunchScreen.storyboard; sourceTree = "<group>"; };
		83E08DE82A1FA8B900D2E706 /* Info.plist */ = {isa = PBXFileReference; lastKnownFileType = text.plist.xml; path = Info.plist; sourceTree = "<group>"; };
		83E08DED2A1FA8B900D2E706 /* TransferTests.xctest */ = {isa = PBXFileReference; explicitFileType = wrapper.cfbundle; includeInIndex = 0; path = TransferTests.xctest; sourceTree = BUILT_PRODUCTS_DIR; };
		83E08DF12A1FA8B900D2E706 /* TransferTests.swift */ = {isa = PBXFileReference; lastKnownFileType = sourcecode.swift; path = TransferTests.swift; sourceTree = "<group>"; };
		83E08DF72A1FA8B900D2E706 /* TransferUITests.xctest */ = {isa = PBXFileReference; explicitFileType = wrapper.cfbundle; includeInIndex = 0; path = TransferUITests.xctest; sourceTree = BUILT_PRODUCTS_DIR; };
		83E08DFB2A1FA8B900D2E706 /* TransferUITests.swift */ = {isa = PBXFileReference; lastKnownFileType = sourcecode.swift; path = TransferUITests.swift; sourceTree = "<group>"; };
		83E08DFD2A1FA8B900D2E706 /* TransferUITestsLaunchTests.swift */ = {isa = PBXFileReference; lastKnownFileType = sourcecode.swift; path = TransferUITestsLaunchTests.swift; sourceTree = "<group>"; };
/* End PBXFileReference section */

/* Begin PBXFrameworksBuildPhase section */
		83E08DD42A1FA8B800D2E706 /* Frameworks */ = {
			isa = PBXFrameworksBuildPhase;
			buildActionMask = 2147483647;
			files = (
			);
			runOnlyForDeploymentPostprocessing = 0;
		};
		83E08DEA2A1FA8B900D2E706 /* Frameworks */ = {
			isa = PBXFrameworksBuildPhase;
			buildActionMask = 2147483647;
			files = (
			);
			runOnlyForDeploymentPostprocessing = 0;
		};
		83E08DF42A1FA8B900D2E706 /* Frameworks */ = {
			isa = PBXFrameworksBuildPhase;
			buildActionMask = 2147483647;
			files = (
			);
			runOnlyForDeploymentPostprocessing = 0;
		};
/* End PBXFrameworksBuildPhase section */

/* Begin PBXGroup section */
		83E08DCE2A1FA8B800D2E706 = {
			isa = PBXGroup;
			children = (
				83E08DD92A1FA8B800D2E706 /* Transfer */,
				83E08DF02A1FA8B900D2E706 /* TransferTests */,
				83E08DFA2A1FA8B900D2E706 /* TransferUITests */,
				83E08DD82A1FA8B800D2E706 /* Products */,
			);
			sourceTree = "<group>";
		};
		83E08DD82A1FA8B800D2E706 /* Products */ = {
			isa = PBXGroup;
			children = (
				83E08DD72A1FA8B800D2E706 /* Transfer.app */,
				83E08DED2A1FA8B900D2E706 /* TransferTests.xctest */,
				83E08DF72A1FA8B900D2E706 /* TransferUITests.xctest */,
			);
			name = Products;
			sourceTree = "<group>";
		};
		83E08DD92A1FA8B800D2E706 /* Transfer */ = {
			isa = PBXGroup;
			children = (
				83E08DDA2A1FA8B800D2E706 /* AppDelegate.swift */,
				83E08DDC2A1FA8B800D2E706 /* SceneDelegate.swift */,
				83E08DDE2A1FA8B800D2E706 /* ViewController.swift */,
				83E08DE02A1FA8B800D2E706 /* Main.storyboard */,
				83E08DE32A1FA8B900D2E706 /* Assets.xcassets */,
				83E08DE52A1FA8B900D2E706 /* LaunchScreen.storyboard */,
				83E08DE82A1FA8B900D2E706 /* Info.plist */,
			);
			path = Transfer;
			sourceTree = "<group>";
		};
		83E08DF02A1FA8B900D2E706 /* TransferTests */ = {
			isa = PBXGroup;
			children = (
				83E08DF12A1FA8B900D2E706 /* TransferTests.swift */,
			);
			path = TransferTests;
			sourceTree = "<group>";
		};
		83E08DFA2A1FA8B900D2E706 /* TransferUITests */ = {
			isa = PBXGroup;
			children = (
				83E08DFB2A1FA8B900D2E706 /* TransferUITests.swift */,
				83E08DFD2A1FA8B900D2E706 /* TransferUITestsLaunchTests.swift */,
			);
			path = TransferUITests;
			sourceTree = "<group>";
		};
/* End PBXGroup section */

/* Begin PBXNativeTarget section */
		83E08DD62A1FA8B800D2E706 /* Transfer */ = {
			isa = PBXNativeTarget;
			buildConfigurationList = 83E08E012A1FA8B900D2E706 /* Build configuration list for PBXNativeTarget "Transfer" */;
			buildPhases = (
				83E08DD32A1FA8B800D2E706 /* Sources */,
				83E08DD42A1FA8B800D2E706 /* Frameworks */,
				83E08DD52A1FA8B800D2E706 /* Resources */,
			);
			buildRules = (
			);
			dependencies = (
			);
			name = Transfer;
			productName = Transfer;
			productReference = 83E08DD72A1FA8B800D2E706 /* Transfer.app */;
			productType = "com.apple.product-type.application";
		};
		83E08DEC2A1FA8B900D2E706 /* TransferTests */ = {
			isa = PBXNativeTarget;
			buildConfigurationList = 83E08E042A1FA8B900D2E706 /* Build configuration list for PBXNativeTarget "TransferTests" */;
			buildPhases = (
				83E08DE92A1FA8B900D2E706 /* Sources */,
				83E08DEA2A1FA8B900D2E706 /* Frameworks */,
				83E08DEB2A1FA8B900D2E706 /* Resources */,
			);
			buildRules = (
			);
			dependencies = (
				83E08DEF2A1FA8B900D2E706 /* PBXTargetDependency */,
			);
			name = TransferTests;
			productName = TransferTests;
			productReference = 83E08DED2A1FA8B900D2E706 /* TransferTests.xctest */;
			productType = "com.apple.product-type.bundle.unit-test";
		};
		83E08DF62A1FA8B900D2E706 /* TransferUITests */ = {
			isa = PBXNativeTarget;
			buildConfigurationList = 83E08E072A1FA8B900D2E706 /* Build configuration list for PBXNativeTarget "TransferUITests" */;
			buildPhases = (
				83E08DF32A1FA8B900D2E706 /* Sources */,
				83E08DF42A1FA8B900D2E706 /* Frameworks */,
				83E08DF52A1FA8B900D2E706 /* Resources */,
			);
			buildRules = (
			);
			dependencies = (
				83E08DF92A1FA8B900D2E706 /* PBXTargetDependency */,
			);
			name = TransferUITests;
			productName = TransferUITests;
			productReference = 83E08DF72A1FA8B900D2E706 /* TransferUITests.xctest */;
			productType = "com.apple.product-type.bundle.ui-testing";
		};
/* End PBXNativeTarget section */

/* Begin PBXProject section */
		83E08DCF2A1FA8B800D2E706 /* Project object */ = {
			isa = PBXProject;
			attributes = {
				BuildIndependentTargetsInParallel = 1;
				LastSwiftUpdateCheck = 1410;
				LastUpgradeCheck = 1410;
				TargetAttributes = {
					83E08DD62A1FA8B800D2E706 = {
						CreatedOnToolsVersion = 14.1;
					};
					83E08DEC2A1FA8B900D2E706 = {
						CreatedOnToolsVersion = 14.1;
						TestTargetID = 83E08DD62A1FA8B800D2E706;
					};
					83E08DF62A1FA8B900D2E706 = {
						CreatedOnToolsVersion = 14.1;
						TestTargetID = 83E08DD62A1FA8B800D2E706;
					};
				};
			};
			buildConfigurationList = 83E08DD22A1FA8B800D2E706 /* Build configuration list for PBXProject "Transfer" */;
			compatibilityVersion = "Xcode 14.0";
			developmentRegion = en;
			hasScannedForEncodings = 0;
			knownRegions = (
				en,
				Base,
			);
			mainGroup = 83E08DCE2A1FA8B800D2E706;
			productRefGroup = 83E08DD82A1FA8B800D2E706 /* Products */;
			projectDirPath = "";
			projectRoot = "";
			targets = (
				83E08DD62A1FA8B800D2E706 /* Transfer */,
				83E08DEC2A1FA8B900D2E706 /* TransferTests */,
				83E08DF62A1FA8B900D2E706 /* TransferUITests */,
			);
		};
/* End PBXProject section */

/* Begin PBXResourcesBuildPhase section */
		83E08DD52A1FA8B800D2E706 /* Resources */ = {
			isa = PBXResourcesBuildPhase;
			buildActionMask = 2147483647;
			files = (
				83E08DE72A1FA8B900D2E706 /* LaunchScreen.storyboard in Resources */,
				83E08DE42A1FA8B900D2E706 /* Assets.xcassets in Resources */,
				83E08DE22A1FA8B800D2E706 /* Main.storyboard in Resources */,
			);
			runOnlyForDeploymentPostprocessing = 0;
		};
		83E08DEB2A1FA8B900D2E706 /* Resources */ = {
			isa = PBXResourcesBuildPhase;
			buildActionMask = 2147483647;
			files = (
			);
			runOnlyForDeploymentPostprocessing = 0;
		};
		83E08DF52A1FA8B900D2E706 /* Resources */ = {
			isa = PBXResourcesBuildPhase;
			buildActionMask = 2147483647;
			files = (
			);
			runOnlyForDeploymentPostprocessing = 0;
		};
/* End PBXResourcesBuildPhase section */

/* Begin PBXSourcesBuildPhase section */
		83E08DD32A1FA8B800D2E706 /* Sources */ = {
			isa = PBXSourcesBuildPhase;
			buildActionMask = 2147483647;
			files = (
				83E08DDF2A1FA8B800D2E706 /* ViewController.swift in Sources */,
				83E08DDB2A1FA8B800D2E706 /* AppDelegate.swift in Sources */,
				83E08DDD2A1FA8B800D2E706 /* SceneDelegate.swift in Sources */,
			);
			runOnlyForDeploymentPostprocessing = 0;
		};
		83E08DE92A1FA8B900D2E706 /* Sources */ = {
			isa = PBXSourcesBuildPhase;
			buildActionMask = 2147483647;
			files = (
				83E08DF22A1FA8B900D2E706 /* TransferTests.swift in Sources */,
			);
			runOnlyForDeploymentPostprocessing = 0;
		};
		83E08DF32A1FA8B900D2E706 /* Sources */ = {
			isa = PBXSourcesBuildPhase;
			buildActionMask = 2147483647;
			files = (
				83E08DFE2A1FA8B900D2E706 /* TransferUITestsLaunchTests.swift in Sources */,
				83E08DFC2A1FA8B900D2E706 /* TransferUITests.swift in Sources */,
			);
			runOnlyForDeploymentPostprocessing = 0;
		};
/* End PBXSourcesBuildPhase section */

/* Begin PBXTargetDependency section */
		83E08DEF2A1FA8B900D2E706 /* PBXTargetDependency */ = {
			isa = PBXTargetDependency;
			target = 83E08DD62A1FA8B800D2E706 /* Transfer */;
			targetProxy = 83E08DEE2A1FA8B900D2E706 /* PBXContainerItemProxy */;
		};
		83E08DF92A1FA8B900D2E706 /* PBXTargetDependency */ = {
			isa = PBXTargetDependency;
			target = 83E08DD62A1FA8B800D2E706 /* Transfer */;
			targetProxy = 83E08DF82A1FA8B900D2E706 /* PBXContainerItemProxy */;
		};
/* End PBXTargetDependency section */

/* Begin PBXVariantGroup section */
		83E08DE02A1FA8B800D2E706 /* Main.storyboard */ = {
			isa = PBXVariantGroup;
			children = (
				83E08DE12A1FA8B800D2E706 /* Base */,
			);
			name = Main.storyboard;
			sourceTree = "<group>";
		};
		83E08DE52A1FA8B900D2E706 /* LaunchScreen.storyboard */ = {
			isa = PBXVariantGroup;
			children = (
				83E08DE62A1FA8B900D2E706 /* Base */,
			);
			name = LaunchScreen.storyboard;
			sourceTree = "<group>";
		};
/* End PBXVariantGroup section */

/* Begin XCBuildConfiguration section */
		83E08DFF2A1FA8B900D2E706 /* Debug */ = {
			isa = XCBuildConfiguration;
			buildSettings = {
				ALWAYS_SEARCH_USER_PATHS = NO;
				CLANG_ANALYZER_NONNULL = YES;
				CLANG_ANALYZER_NUMBER_OBJECT_CONVERSION = YES_AGGRESSIVE;
				CLANG_CXX_LANGUAGE_STANDARD = "gnu++20";
				CLANG_ENABLE_MODULES = YES;
				CLANG_ENABLE_OBJC_ARC = YES;
				CLANG_ENABLE_OBJC_WEAK = YES;
				CLANG_WARN_BLOCK_CAPTURE_AUTORELEASING = YES;
				CLANG_WARN_BOOL_CONVERSION = YES;
				CLANG_WARN_COMMA = YES;
				CLANG_WARN_CONSTANT_CONVERSION = YES;
				CLANG_WARN_DEPRECATED_OBJC_IMPLEMENTATIONS = YES;
				CLANG_WARN_DIRECT_OBJC_ISA_USAGE = YES_ERROR;
				CLANG_WARN_DOCUMENTATION_COMMENTS = YES;
				CLANG_WARN_EMPTY_BODY = YES;
				CLANG_WARN_ENUM_CONVERSION = YES;
				CLANG_WARN_INFINITE_RECURSION = YES;
				CLANG_WARN_INT_CONVERSION = YES;
				CLANG_WARN_NON_LITERAL_NULL_CONVERSION = YES;
				CLANG_WARN_OBJC_IMPLICIT_RETAIN_SELF = YES;
				CLANG_WARN_OBJC_LITERAL_CONVERSION = YES;
				CLANG_WARN_OBJC_ROOT_CLASS = YES_ERROR;
				CLANG_WARN_QUOTED_INCLUDE_IN_FRAMEWORK_HEADER = YES;
				CLANG_WARN_RANGE_LOOP_ANALYSIS = YES;
				CLANG_WARN_STRICT_PROTOTYPES = YES;
				CLANG_WARN_SUSPICIOUS_MOVE = YES;
				CLANG_WARN_UNGUARDED_AVAILABILITY = YES_AGGRESSIVE;
				CLANG_WARN_UNREACHABLE_CODE = YES;
				CLANG_WARN__DUPLICATE_METHOD_MATCH = YES;
				COPY_PHASE_STRIP = NO;
				DEBUG_INFORMATION_FORMAT = dwarf;
				ENABLE_STRICT_OBJC_MSGSEND = YES;
				ENABLE_TESTABILITY = YES;
				GCC_C_LANGUAGE_STANDARD = gnu11;
				GCC_DYNAMIC_NO_PIC = NO;
				GCC_NO_COMMON_BLOCKS = YES;
				GCC_OPTIMIZATION_LEVEL = 0;
				GCC_PREPROCESSOR_DEFINITIONS = (
					"DEBUG=1",
					"$(inherited)",
				);
				GCC_WARN_64_TO_32_BIT_CONVERSION = YES;
				GCC_WARN_ABOUT_RETURN_TYPE = YES_ERROR;
				GCC_WARN_UNDECLARED_SELECTOR = YES;
				GCC_WARN_UNINITIALIZED_AUTOS = YES_AGGRESSIVE;
				GCC_WARN_UNUSED_FUNCTION = YES;
				GCC_WARN_UNUSED_VARIABLE = YES;
				IPHONEOS_DEPLOYMENT_TARGET = 16.1;
				MTL_ENABLE_DEBUG_INFO = INCLUDE_SOURCE;
				MTL_FAST_MATH = YES;
				ONLY_ACTIVE_ARCH = YES;
				SDKROOT = iphoneos;
				SWIFT_ACTIVE_COMPILATION_CONDITIONS = DEBUG;
				SWIFT_OPTIMIZATION_LEVEL = "-Onone";
			};
			name = Debug;
		};
		83E08E002A1FA8B900D2E706 /* Release */ = {
			isa = XCBuildConfiguration;
			buildSettings = {
				ALWAYS_SEARCH_USER_PATHS = NO;
				CLANG_ANALYZER_NONNULL = YES;
				CLANG_ANALYZER_NUMBER_OBJECT_CONVERSION = YES_AGGRESSIVE;
				CLANG_CXX_LANGUAGE_STANDARD = "gnu++20";
				CLANG_ENABLE_MODULES = YES;
				CLANG_ENABLE_OBJC_ARC = YES;
				CLANG_ENABLE_OBJC_WEAK = YES;
				CLANG_WARN_BLOCK_CAPTURE_AUTORELEASING = YES;
				CLANG_WARN_BOOL_CONVERSION = YES;
				CLANG_WARN_COMMA = YES;
				CLANG_WARN_CONSTANT_CONVERSION = YES;
				CLANG_WARN_DEPRECATED_OBJC_IMPLEMENTATIONS = YES;
				CLANG_WARN_DIRECT_OBJC_ISA_USAGE = YES_ERROR;
				CLANG_WARN_DOCUMENTATION_COMMENTS = YES;
				CLANG_WARN_EMPTY_BODY = YES;
				CLANG_WARN_ENUM_CONVERSION = YES;
				CLANG_WARN_INFINITE_RECURSION = YES;
				CLANG_WARN_INT_CONVERSION = YES;
				CLANG_WARN_NON_LITERAL_NULL_CONVERSION = YES;
				CLANG_WARN_OBJC_IMPLICIT_RETAIN_SELF = YES;
				CLANG_WARN_OBJC_LITERAL_CONVERSION = YES;
				CLANG_WARN_OBJC_ROOT_CLASS = YES_ERROR;
				CLANG_WARN_QUOTED_INCLUDE_IN_FRAMEWORK_HEADER = YES;
				CLANG_WARN_RANGE_LOOP_ANALYSIS = YES;
				CLANG_WARN_STRICT_PROTOTYPES = YES;
				CLANG_WARN_SUSPICIOUS_MOVE = YES;
				CLANG_WARN_UNGUARDED_AVAILABILITY = YES_AGGRESSIVE;
				CLANG_WARN_UNREACHABLE_CODE = YES;
				CLANG_WARN__DUPLICATE_METHOD_MATCH = YES;
				COPY_PHASE_STRIP = NO;
				DEBUG_INFORMATION_FORMAT = "dwarf-with-dsym";
				ENABLE_NS_ASSERTIONS = NO;
				ENABLE_STRICT_OBJC_MSGSEND = YES;
				GCC_C_LANGUAGE_STANDARD = gnu11;
				GCC_NO_COMMON_BLOCKS = YES;
				GCC_WARN_64_TO_32_BIT_CONVERSION = YES;
				GCC_WARN_ABOUT_RETURN_TYPE = YES_ERROR;
				GCC_WARN_UNDECLARED_SELECTOR = YES;
				GCC_WARN_UNINITIALIZED_AUTOS = YES_AGGRESSIVE;
				GCC_WARN_UNUSED_FUNCTION = YES;
				GCC_WARN_UNUSED_VARIABLE = YES;
				IPHONEOS_DEPLOYMENT_TARGET = 16.1;
				MTL_ENABLE_DEBUG_INFO = NO;
				MTL_FAST_MATH = YES;
				SDKROOT = iphoneos;
				SWIFT_COMPILATION_MODE = wholemodule;
				SWIFT_OPTIMIZATION_LEVEL = "-O";
				VALIDATE_PRODUCT = YES;
			};
			name = Release;
		};
		83E08E022A1FA8B900D2E706 /* Debug */ = {
			isa = XCBuildConfiguration;
			buildSettings = {
				ASSETCATALOG_COMPILER_APPICON_NAME = AppIcon;
				ASSETCATALOG_COMPILER_GLOBAL_ACCENT_COLOR_NAME = AccentColor;
				CODE_SIGN_STYLE = Automatic;
				CURRENT_PROJECT_VERSION = 1;
				GENERATE_INFOPLIST_FILE = YES;
				INFOPLIST_FILE = Transfer/Info.plist;
				INFOPLIST_KEY_UIApplicationSupportsIndirectInputEvents = YES;
				INFOPLIST_KEY_UILaunchStoryboardName = LaunchScreen;
				INFOPLIST_KEY_UIMainStoryboardFile = Main;
				INFOPLIST_KEY_UISupportedInterfaceOrientations_iPad = "UIInterfaceOrientationPortrait UIInterfaceOrientationPortraitUpsideDown UIInterfaceOrientationLandscapeLeft UIInterfaceOrientationLandscapeRight";
				INFOPLIST_KEY_UISupportedInterfaceOrientations_iPhone = "UIInterfaceOrientationPortrait UIInterfaceOrientationLandscapeLeft UIInterfaceOrientationLandscapeRight";
				LD_RUNPATH_SEARCH_PATHS = (
					"$(inherited)",
					"@executable_path/Frameworks",
				);
				MARKETING_VERSION = 1.0;
				PRODUCT_BUNDLE_IDENTIFIER = com.application.gymondo.Transfer;
				PRODUCT_NAME = "$(TARGET_NAME)";
				SWIFT_EMIT_LOC_STRINGS = YES;
				SWIFT_VERSION = 5.0;
				TARGETED_DEVICE_FAMILY = "1,2";
			};
			name = Debug;
		};
		83E08E032A1FA8B900D2E706 /* Release */ = {
			isa = XCBuildConfiguration;
			buildSettings = {
				ASSETCATALOG_COMPILER_APPICON_NAME = AppIcon;
				ASSETCATALOG_COMPILER_GLOBAL_ACCENT_COLOR_NAME = AccentColor;
				CODE_SIGN_STYLE = Automatic;
				CURRENT_PROJECT_VERSION = 1;
				GENERATE_INFOPLIST_FILE = YES;
				INFOPLIST_FILE = Transfer/Info.plist;
				INFOPLIST_KEY_UIApplicationSupportsIndirectInputEvents = YES;
				INFOPLIST_KEY_UILaunchStoryboardName = LaunchScreen;
				INFOPLIST_KEY_UIMainStoryboardFile = Main;
				INFOPLIST_KEY_UISupportedInterfaceOrientations_iPad = "UIInterfaceOrientationPortrait UIInterfaceOrientationPortraitUpsideDown UIInterfaceOrientationLandscapeLeft UIInterfaceOrientationLandscapeRight";
				INFOPLIST_KEY_UISupportedInterfaceOrientations_iPhone = "UIInterfaceOrientationPortrait UIInterfaceOrientationLandscapeLeft UIInterfaceOrientationLandscapeRight";
				LD_RUNPATH_SEARCH_PATHS = (
					"$(inherited)",
					"@executable_path/Frameworks",
				);
				MARKETING_VERSION = 1.0;
				PRODUCT_BUNDLE_IDENTIFIER = com.application.gymondo.Transfer;
				PRODUCT_NAME = "$(TARGET_NAME)";
				SWIFT_EMIT_LOC_STRINGS = YES;
				SWIFT_VERSION = 5.0;
				TARGETED_DEVICE_FAMILY = "1,2";
			};
			name = Release;
		};
		83E08E052A1FA8B900D2E706 /* Debug */ = {
			isa = XCBuildConfiguration;
			buildSettings = {
				ALWAYS_EMBED_SWIFT_STANDARD_LIBRARIES = YES;
				BUNDLE_LOADER = "$(TEST_HOST)";
				CODE_SIGN_STYLE = Automatic;
				CURRENT_PROJECT_VERSION = 1;
				GENERATE_INFOPLIST_FILE = YES;
				IPHONEOS_DEPLOYMENT_TARGET = 16.1;
				MARKETING_VERSION = 1.0;
				PRODUCT_BUNDLE_IDENTIFIER = com.application.gymondo.TransferTests;
				PRODUCT_NAME = "$(TARGET_NAME)";
				SWIFT_EMIT_LOC_STRINGS = NO;
				SWIFT_VERSION = 5.0;
				TARGETED_DEVICE_FAMILY = "1,2";
				TEST_HOST = "$(BUILT_PRODUCTS_DIR)/Transfer.app/$(BUNDLE_EXECUTABLE_FOLDER_PATH)/Transfer";
			};
			name = Debug;
		};
		83E08E062A1FA8B900D2E706 /* Release */ = {
			isa = XCBuildConfiguration;
			buildSettings = {
				ALWAYS_EMBED_SWIFT_STANDARD_LIBRARIES = YES;
				BUNDLE_LOADER = "$(TEST_HOST)";
				CODE_SIGN_STYLE = Automatic;
				CURRENT_PROJECT_VERSION = 1;
				GENERATE_INFOPLIST_FILE = YES;
				IPHONEOS_DEPLOYMENT_TARGET = 16.1;
				MARKETING_VERSION = 1.0;
				PRODUCT_BUNDLE_IDENTIFIER = com.application.gymondo.TransferTests;
				PRODUCT_NAME = "$(TARGET_NAME)";
				SWIFT_EMIT_LOC_STRINGS = NO;
				SWIFT_VERSION = 5.0;
				TARGETED_DEVICE_FAMILY = "1,2";
				TEST_HOST = "$(BUILT_PRODUCTS_DIR)/Transfer.app/$(BUNDLE_EXECUTABLE_FOLDER_PATH)/Transfer";
			};
			name = Release;
		};
		83E08E082A1FA8B900D2E706 /* Debug */ = {
			isa = XCBuildConfiguration;
			buildSettings = {
				ALWAYS_EMBED_SWIFT_STANDARD_LIBRARIES = YES;
				CODE_SIGN_STYLE = Automatic;
				CURRENT_PROJECT_VERSION = 1;
				GENERATE_INFOPLIST_FILE = YES;
				MARKETING_VERSION = 1.0;
				PRODUCT_BUNDLE_IDENTIFIER = com.application.gymondo.TransferUITests;
				PRODUCT_NAME = "$(TARGET_NAME)";
				SWIFT_EMIT_LOC_STRINGS = NO;
				SWIFT_VERSION = 5.0;
				TARGETED_DEVICE_FAMILY = "1,2";
				TEST_TARGET_NAME = Transfer;
			};
			name = Debug;
		};
		83E08E092A1FA8B900D2E706 /* Release */ = {
			isa = XCBuildConfiguration;
			buildSettings = {
				ALWAYS_EMBED_SWIFT_STANDARD_LIBRARIES = YES;
				CODE_SIGN_STYLE = Automatic;
				CURRENT_PROJECT_VERSION = 1;
				GENERATE_INFOPLIST_FILE = YES;
				MARKETING_VERSION = 1.0;
				PRODUCT_BUNDLE_IDENTIFIER = com.application.gymondo.TransferUITests;
				PRODUCT_NAME = "$(TARGET_NAME)";
				SWIFT_EMIT_LOC_STRINGS = NO;
				SWIFT_VERSION = 5.0;
				TARGETED_DEVICE_FAMILY = "1,2";
				TEST_TARGET_NAME = Transfer;
			};
			name = Release;
		};
/* End XCBuildConfiguration section */

/* Begin XCConfigurationList section */
		83E08DD22A1FA8B800D2E706 /* Build configuration list for PBXProject "Transfer" */ = {
			isa = XCConfigurationList;
			buildConfigurations = (
				83E08DFF2A1FA8B900D2E706 /* Debug */,
				83E08E002A1FA8B900D2E706 /* Release */,
			);
			defaultConfigurationIsVisible = 0;
			defaultConfigurationName = Release;
		};
		83E08E012A1FA8B900D2E706 /* Build configuration list for PBXNativeTarget "Transfer" */ = {
			isa = XCConfigurationList;
			buildConfigurations = (
				83E08E022A1FA8B900D2E706 /* Debug */,
				83E08E032A1FA8B900D2E706 /* Release */,
			);
			defaultConfigurationIsVisible = 0;
			defaultConfigurationName = Release;
		};
		83E08E042A1FA8B900D2E706 /* Build configuration list for PBXNativeTarget "TransferTests" */ = {
			isa = XCConfigurationList;
			buildConfigurations = (
				83E08E052A1FA8B900D2E706 /* Debug */,
				83E08E062A1FA8B900D2E706 /* Release */,
			);
			defaultConfigurationIsVisible = 0;
			defaultConfigurationName = Release;
		};
		83E08E072A1FA8B900D2E706 /* Build configuration list for PBXNativeTarget "TransferUITests" */ = {
			isa = XCConfigurationList;
			buildConfigurations = (
				83E08E082A1FA8B900D2E706 /* Debug */,
				83E08E092A1FA8B900D2E706 /* Release */,
			);
			defaultConfigurationIsVisible = 0;
			defaultConfigurationName = Release;
		};
/* End XCConfigurationList section */
	};
	rootObject = 83E08DCF2A1FA8B800D2E706 /* Project object */;
}
